
Microsoft Visual Studio Solution File, Format Version 12.00
# Visual Studio Version 16
VisualStudioVersion = 16.0.30611.23
MinimumVisualStudioVersion = 10.0.40219.1
Project("{FAE04EC0-301F-11D3-BF4B-00C04F79EFBC}") = "TEST1", "TEST1.csproj", "{70C217F4-A4C6-4ED3-BE96-9DCD0B28CB6D}"
EndProject
Global
	GlobalSection(SolutionConfigurationPlatforms) = preSolution
		Debug|Any CPU = Debug|Any CPU
		Release|Any CPU = Release|Any CPU
	EndGlobalSection
	GlobalSection(ProjectConfigurationPlatforms) = postSolution
		{70C217F4-A4C6-4ED3-BE96-9DCD0B28CB6D}.Debug|Any CPU.ActiveCfg = Debug|Any CPU
		{70C217F4-A4C6-4ED3-BE96-9DCD0B28CB6D}.Debug|Any CPU.Build.0 = Debug|Any CPU
		{70C217F4-A4C6-4ED3-BE96-9DCD0B28CB6D}.Release|Any CPU.ActiveCfg = Release|Any CPU
		{70C217F4-A4C6-4ED3-BE96-9DCD0B28CB6D}.Release|Any CPU.Build.0 = Release|Any CPU
	EndGlobalSection
	GlobalSection(SolutionProperties) = preSolution
		HideSolutionNode = FALSE
	EndGlobalSection
	GlobalSection(ExtensibilityGlobals) = postSolution
		SolutionGuid = {EBE86338-F352-418A-8361-C2E09298C496}
	EndGlobalSection
EndGlobal
